
Microsoft Visual Studio Solution File, Format Version 12.00
# Visual Studio Version 16
VisualStudioVersion = 16.0.29926.136
MinimumVisualStudioVersion = 10.0.40219.1
Project("{FAE04EC0-301F-11D3-BF4B-00C04F79EFBC}") = "E01_GreetingMachine", "E01_GreetingMachine\E01_GreetingMachine.csproj", "{D3540F21-D54A-403F-B21F-F6E170792332}"
EndProject
Global
	GlobalSection(SolutionConfigurationPlatforms) = preSolution
		Debug|Any CPU = Debug|Any CPU
		Release|Any CPU = Release|Any CPU
	EndGlobalSection
	GlobalSection(ProjectConfigurationPlatforms) = postSolution
		{D3540F21-D54A-403F-B21F-F6E170792332}.Debug|Any CPU.ActiveCfg = Debug|Any CPU
		{D3540F21-D54A-403F-B21F-F6E170792332}.Debug|Any CPU.Build.0 = Debug|Any CPU
		{D3540F21-D54A-403F-B21F-F6E170792332}.Release|Any CPU.ActiveCfg = Release|Any CPU
		{D3540F21-D54A-403F-B21F-F6E170792332}.Release|Any CPU.Build.0 = Release|Any CPU
	EndGlobalSection
	GlobalSection(SolutionProperties) = preSolution
		HideSolutionNode = FALSE
	EndGlobalSection
	GlobalSection(ExtensibilityGlobals) = postSolution
		SolutionGuid = {A8846985-168F-4EA4-87E7-1934BF8CE99E}
	EndGlobalSection
EndGlobal
