
Microsoft Visual Studio Solution File, Format Version 12.00
# Visual Studio Version 16
VisualStudioVersion = 16.0.30517.126
MinimumVisualStudioVersion = 10.0.40219.1
Project("{FAE04EC0-301F-11D3-BF4B-00C04F79EFBC}") = "57_ReferencesAndValues", "57_ReferencesAndValues\57_ReferencesAndValues.csproj", "{DC936BB7-3A53-4C98-9EC0-7DCDA69CA908}"
EndProject
Global
	GlobalSection(SolutionConfigurationPlatforms) = preSolution
		Debug|Any CPU = Debug|Any CPU
		Release|Any CPU = Release|Any CPU
	EndGlobalSection
	GlobalSection(ProjectConfigurationPlatforms) = postSolution
		{DC936BB7-3A53-4C98-9EC0-7DCDA69CA908}.Debug|Any CPU.ActiveCfg = Debug|Any CPU
		{DC936BB7-3A53-4C98-9EC0-7DCDA69CA908}.Debug|Any CPU.Build.0 = Debug|Any CPU
		{DC936BB7-3A53-4C98-9EC0-7DCDA69CA908}.Release|Any CPU.ActiveCfg = Release|Any CPU
		{DC936BB7-3A53-4C98-9EC0-7DCDA69CA908}.Release|Any CPU.Build.0 = Release|Any CPU
	EndGlobalSection
	GlobalSection(SolutionProperties) = preSolution
		HideSolutionNode = FALSE
	EndGlobalSection
	GlobalSection(ExtensibilityGlobals) = postSolution
		SolutionGuid = {F892D44B-E7D3-494B-90F2-CBE8E9C62AF6}
	EndGlobalSection
EndGlobal
