
Microsoft Visual Studio Solution File, Format Version 12.00
# Visual Studio Version 16
VisualStudioVersion = 16.0.29926.136
MinimumVisualStudioVersion = 10.0.40219.1
Project("{FAE04EC0-301F-11D3-BF4B-00C04F79EFBC}") = "21b_SwitchStatements", "21b_SwitchStatements\21b_SwitchStatements.csproj", "{52E189CD-40FC-4C82-B57A-6332D8B83209}"
EndProject
Global
	GlobalSection(SolutionConfigurationPlatforms) = preSolution
		Debug|Any CPU = Debug|Any CPU
		Release|Any CPU = Release|Any CPU
	EndGlobalSection
	GlobalSection(ProjectConfigurationPlatforms) = postSolution
		{52E189CD-40FC-4C82-B57A-6332D8B83209}.Debug|Any CPU.ActiveCfg = Debug|Any CPU
		{52E189CD-40FC-4C82-B57A-6332D8B83209}.Debug|Any CPU.Build.0 = Debug|Any CPU
		{52E189CD-40FC-4C82-B57A-6332D8B83209}.Release|Any CPU.ActiveCfg = Release|Any CPU
		{52E189CD-40FC-4C82-B57A-6332D8B83209}.Release|Any CPU.Build.0 = Release|Any CPU
	EndGlobalSection
	GlobalSection(SolutionProperties) = preSolution
		HideSolutionNode = FALSE
	EndGlobalSection
	GlobalSection(ExtensibilityGlobals) = postSolution
		SolutionGuid = {FE8EB1C9-966B-4CE6-9FCE-61301C2340A2}
	EndGlobalSection
EndGlobal
