
Microsoft Visual Studio Solution File, Format Version 12.00
# Visual Studio Version 16
VisualStudioVersion = 16.0.31129.286
MinimumVisualStudioVersion = 10.0.40219.1
Project("{FAE04EC0-301F-11D3-BF4B-00C04F79EFBC}") = "PersonClass", "PersonClass.csproj", "{4036D85D-01A8-4E9C-B5EE-37C5DED3A60D}"
EndProject
Global
	GlobalSection(SolutionConfigurationPlatforms) = preSolution
		Debug|Any CPU = Debug|Any CPU
		Release|Any CPU = Release|Any CPU
	EndGlobalSection
	GlobalSection(ProjectConfigurationPlatforms) = postSolution
		{4036D85D-01A8-4E9C-B5EE-37C5DED3A60D}.Debug|Any CPU.ActiveCfg = Debug|Any CPU
		{4036D85D-01A8-4E9C-B5EE-37C5DED3A60D}.Debug|Any CPU.Build.0 = Debug|Any CPU
		{4036D85D-01A8-4E9C-B5EE-37C5DED3A60D}.Release|Any CPU.ActiveCfg = Release|Any CPU
		{4036D85D-01A8-4E9C-B5EE-37C5DED3A60D}.Release|Any CPU.Build.0 = Release|Any CPU
	EndGlobalSection
	GlobalSection(SolutionProperties) = preSolution
		HideSolutionNode = FALSE
	EndGlobalSection
	GlobalSection(ExtensibilityGlobals) = postSolution
		SolutionGuid = {60C94E27-B96E-4FC2-9BB9-E8CCD3215469}
	EndGlobalSection
EndGlobal
