
Microsoft Visual Studio Solution File, Format Version 12.00
# Visual Studio Version 16
VisualStudioVersion = 16.0.29926.136
MinimumVisualStudioVersion = 10.0.40219.1
Project("{FAE04EC0-301F-11D3-BF4B-00C04F79EFBC}") = "22b_LogicalOperators", "22b_LogicalOperators\22b_LogicalOperators.csproj", "{32203CF3-0053-4862-88CD-D4E739C95511}"
EndProject
Global
	GlobalSection(SolutionConfigurationPlatforms) = preSolution
		Debug|Any CPU = Debug|Any CPU
		Release|Any CPU = Release|Any CPU
	EndGlobalSection
	GlobalSection(ProjectConfigurationPlatforms) = postSolution
		{32203CF3-0053-4862-88CD-D4E739C95511}.Debug|Any CPU.ActiveCfg = Debug|Any CPU
		{32203CF3-0053-4862-88CD-D4E739C95511}.Debug|Any CPU.Build.0 = Debug|Any CPU
		{32203CF3-0053-4862-88CD-D4E739C95511}.Release|Any CPU.ActiveCfg = Release|Any CPU
		{32203CF3-0053-4862-88CD-D4E739C95511}.Release|Any CPU.Build.0 = Release|Any CPU
	EndGlobalSection
	GlobalSection(SolutionProperties) = preSolution
		HideSolutionNode = FALSE
	EndGlobalSection
	GlobalSection(ExtensibilityGlobals) = postSolution
		SolutionGuid = {C2A458BF-9CA6-4FA2-8796-C373C59DECAC}
	EndGlobalSection
EndGlobal
