
Microsoft Visual Studio Solution File, Format Version 12.00
# Visual Studio Version 16
VisualStudioVersion = 16.0.30517.126
MinimumVisualStudioVersion = 10.0.40219.1
Project("{FAE04EC0-301F-11D3-BF4B-00C04F79EFBC}") = "42_FunctionScope", "42_FunctionScope\42_FunctionScope.csproj", "{F8A405F2-5BF0-4EE7-BC72-CD247F1E21CC}"
EndProject
Global
	GlobalSection(SolutionConfigurationPlatforms) = preSolution
		Debug|Any CPU = Debug|Any CPU
		Release|Any CPU = Release|Any CPU
	EndGlobalSection
	GlobalSection(ProjectConfigurationPlatforms) = postSolution
		{F8A405F2-5BF0-4EE7-BC72-CD247F1E21CC}.Debug|Any CPU.ActiveCfg = Debug|Any CPU
		{F8A405F2-5BF0-4EE7-BC72-CD247F1E21CC}.Debug|Any CPU.Build.0 = Debug|Any CPU
		{F8A405F2-5BF0-4EE7-BC72-CD247F1E21CC}.Release|Any CPU.ActiveCfg = Release|Any CPU
		{F8A405F2-5BF0-4EE7-BC72-CD247F1E21CC}.Release|Any CPU.Build.0 = Release|Any CPU
	EndGlobalSection
	GlobalSection(SolutionProperties) = preSolution
		HideSolutionNode = FALSE
	EndGlobalSection
	GlobalSection(ExtensibilityGlobals) = postSolution
		SolutionGuid = {44C881EB-1B1B-4491-AF0E-D943852F68F8}
	EndGlobalSection
EndGlobal
