
Microsoft Visual Studio Solution File, Format Version 12.00
# Visual Studio Version 16
VisualStudioVersion = 16.0.30517.126
MinimumVisualStudioVersion = 10.0.40219.1
Project("{FAE04EC0-301F-11D3-BF4B-00C04F79EFBC}") = "DrawEmptyRectangle", "DrawEmptyRectangle\DrawEmptyRectangle.csproj", "{7D3C4CDE-44D8-422A-A9EB-B6A27380CF09}"
EndProject
Global
	GlobalSection(SolutionConfigurationPlatforms) = preSolution
		Debug|Any CPU = Debug|Any CPU
		Release|Any CPU = Release|Any CPU
	EndGlobalSection
	GlobalSection(ProjectConfigurationPlatforms) = postSolution
		{7D3C4CDE-44D8-422A-A9EB-B6A27380CF09}.Debug|Any CPU.ActiveCfg = Debug|Any CPU
		{7D3C4CDE-44D8-422A-A9EB-B6A27380CF09}.Debug|Any CPU.Build.0 = Debug|Any CPU
		{7D3C4CDE-44D8-422A-A9EB-B6A27380CF09}.Release|Any CPU.ActiveCfg = Release|Any CPU
		{7D3C4CDE-44D8-422A-A9EB-B6A27380CF09}.Release|Any CPU.Build.0 = Release|Any CPU
	EndGlobalSection
	GlobalSection(SolutionProperties) = preSolution
		HideSolutionNode = FALSE
	EndGlobalSection
	GlobalSection(ExtensibilityGlobals) = postSolution
		SolutionGuid = {84F639A9-6DFD-40E9-AE00-78FA0F75DA2D}
	EndGlobalSection
EndGlobal
