
Microsoft Visual Studio Solution File, Format Version 12.00
# Visual Studio Version 16
VisualStudioVersion = 16.0.30517.126
MinimumVisualStudioVersion = 10.0.40219.1
Project("{FAE04EC0-301F-11D3-BF4B-00C04F79EFBC}") = "E05_UtilityFunctions", "E05_UtilityFunctions\E05_UtilityFunctions.csproj", "{ED5E6B9E-351B-4A5D-A2FA-AE7F537B5709}"
EndProject
Global
	GlobalSection(SolutionConfigurationPlatforms) = preSolution
		Debug|Any CPU = Debug|Any CPU
		Release|Any CPU = Release|Any CPU
	EndGlobalSection
	GlobalSection(ProjectConfigurationPlatforms) = postSolution
		{ED5E6B9E-351B-4A5D-A2FA-AE7F537B5709}.Debug|Any CPU.ActiveCfg = Debug|Any CPU
		{ED5E6B9E-351B-4A5D-A2FA-AE7F537B5709}.Debug|Any CPU.Build.0 = Debug|Any CPU
		{ED5E6B9E-351B-4A5D-A2FA-AE7F537B5709}.Release|Any CPU.ActiveCfg = Release|Any CPU
		{ED5E6B9E-351B-4A5D-A2FA-AE7F537B5709}.Release|Any CPU.Build.0 = Release|Any CPU
	EndGlobalSection
	GlobalSection(SolutionProperties) = preSolution
		HideSolutionNode = FALSE
	EndGlobalSection
	GlobalSection(ExtensibilityGlobals) = postSolution
		SolutionGuid = {E30C8A3D-8E5A-4B9B-93E4-6D50129F7EB4}
	EndGlobalSection
EndGlobal
