
Microsoft Visual Studio Solution File, Format Version 12.00
# Visual Studio Version 16
VisualStudioVersion = 16.0.30517.126
MinimumVisualStudioVersion = 10.0.40219.1
Project("{FAE04EC0-301F-11D3-BF4B-00C04F79EFBC}") = "43_VoidFunctions", "43_VoidFunctions\43_VoidFunctions.csproj", "{ED908B62-DE9D-47AC-89B9-8884FD73F442}"
EndProject
Global
	GlobalSection(SolutionConfigurationPlatforms) = preSolution
		Debug|Any CPU = Debug|Any CPU
		Release|Any CPU = Release|Any CPU
	EndGlobalSection
	GlobalSection(ProjectConfigurationPlatforms) = postSolution
		{ED908B62-DE9D-47AC-89B9-8884FD73F442}.Debug|Any CPU.ActiveCfg = Debug|Any CPU
		{ED908B62-DE9D-47AC-89B9-8884FD73F442}.Debug|Any CPU.Build.0 = Debug|Any CPU
		{ED908B62-DE9D-47AC-89B9-8884FD73F442}.Release|Any CPU.ActiveCfg = Release|Any CPU
		{ED908B62-DE9D-47AC-89B9-8884FD73F442}.Release|Any CPU.Build.0 = Release|Any CPU
	EndGlobalSection
	GlobalSection(SolutionProperties) = preSolution
		HideSolutionNode = FALSE
	EndGlobalSection
	GlobalSection(ExtensibilityGlobals) = postSolution
		SolutionGuid = {6FD67C1B-2FD8-4AEF-A865-C899530BDEED}
	EndGlobalSection
EndGlobal
