
Microsoft Visual Studio Solution File, Format Version 12.00
# Visual Studio Version 16
VisualStudioVersion = 16.0.30517.126
MinimumVisualStudioVersion = 10.0.40219.1
Project("{FAE04EC0-301F-11D3-BF4B-00C04F79EFBC}") = "44_FunctionOverloads", "44_FunctionOverloads\44_FunctionOverloads.csproj", "{22608D0D-3582-4AB5-98DF-B517BFC16177}"
EndProject
Global
	GlobalSection(SolutionConfigurationPlatforms) = preSolution
		Debug|Any CPU = Debug|Any CPU
		Release|Any CPU = Release|Any CPU
	EndGlobalSection
	GlobalSection(ProjectConfigurationPlatforms) = postSolution
		{22608D0D-3582-4AB5-98DF-B517BFC16177}.Debug|Any CPU.ActiveCfg = Debug|Any CPU
		{22608D0D-3582-4AB5-98DF-B517BFC16177}.Debug|Any CPU.Build.0 = Debug|Any CPU
		{22608D0D-3582-4AB5-98DF-B517BFC16177}.Release|Any CPU.ActiveCfg = Release|Any CPU
		{22608D0D-3582-4AB5-98DF-B517BFC16177}.Release|Any CPU.Build.0 = Release|Any CPU
	EndGlobalSection
	GlobalSection(SolutionProperties) = preSolution
		HideSolutionNode = FALSE
	EndGlobalSection
	GlobalSection(ExtensibilityGlobals) = postSolution
		SolutionGuid = {C3C22925-F0BC-4B19-9FB1-D5A15B9A70B4}
	EndGlobalSection
EndGlobal
