
Microsoft Visual Studio Solution File, Format Version 12.00
# Visual Studio Version 16
VisualStudioVersion = 16.0.29926.136
MinimumVisualStudioVersion = 10.0.40219.1
Project("{FAE04EC0-301F-11D3-BF4B-00C04F79EFBC}") = "11_ModuloOperator", "11_ModuloOperator\11_ModuloOperator.csproj", "{1EC7B79F-81AC-4DF3-BB74-E10FCAA27FBC}"
EndProject
Global
	GlobalSection(SolutionConfigurationPlatforms) = preSolution
		Debug|Any CPU = Debug|Any CPU
		Release|Any CPU = Release|Any CPU
	EndGlobalSection
	GlobalSection(ProjectConfigurationPlatforms) = postSolution
		{1EC7B79F-81AC-4DF3-BB74-E10FCAA27FBC}.Debug|Any CPU.ActiveCfg = Debug|Any CPU
		{1EC7B79F-81AC-4DF3-BB74-E10FCAA27FBC}.Debug|Any CPU.Build.0 = Debug|Any CPU
		{1EC7B79F-81AC-4DF3-BB74-E10FCAA27FBC}.Release|Any CPU.ActiveCfg = Release|Any CPU
		{1EC7B79F-81AC-4DF3-BB74-E10FCAA27FBC}.Release|Any CPU.Build.0 = Release|Any CPU
	EndGlobalSection
	GlobalSection(SolutionProperties) = preSolution
		HideSolutionNode = FALSE
	EndGlobalSection
	GlobalSection(ExtensibilityGlobals) = postSolution
		SolutionGuid = {08761A56-FEB9-43F0-B7A3-668E5941178B}
	EndGlobalSection
EndGlobal
