
Microsoft Visual Studio Solution File, Format Version 12.00
# Visual Studio Version 16
VisualStudioVersion = 16.0.29926.136
MinimumVisualStudioVersion = 10.0.40219.1
Project("{FAE04EC0-301F-11D3-BF4B-00C04F79EFBC}") = "07_Var", "07_Var\07_Var.csproj", "{A63733BF-AC4C-4549-A166-D4966D857CE1}"
EndProject
Global
	GlobalSection(SolutionConfigurationPlatforms) = preSolution
		Debug|Any CPU = Debug|Any CPU
		Release|Any CPU = Release|Any CPU
	EndGlobalSection
	GlobalSection(ProjectConfigurationPlatforms) = postSolution
		{A63733BF-AC4C-4549-A166-D4966D857CE1}.Debug|Any CPU.ActiveCfg = Debug|Any CPU
		{A63733BF-AC4C-4549-A166-D4966D857CE1}.Debug|Any CPU.Build.0 = Debug|Any CPU
		{A63733BF-AC4C-4549-A166-D4966D857CE1}.Release|Any CPU.ActiveCfg = Release|Any CPU
		{A63733BF-AC4C-4549-A166-D4966D857CE1}.Release|Any CPU.Build.0 = Release|Any CPU
	EndGlobalSection
	GlobalSection(SolutionProperties) = preSolution
		HideSolutionNode = FALSE
	EndGlobalSection
	GlobalSection(ExtensibilityGlobals) = postSolution
		SolutionGuid = {801263EC-FA89-4E18-94E0-9313D8CCB91C}
	EndGlobalSection
EndGlobal
