
Microsoft Visual Studio Solution File, Format Version 12.00
# Visual Studio Version 16
VisualStudioVersion = 16.0.29926.136
MinimumVisualStudioVersion = 10.0.40219.1
Project("{FAE04EC0-301F-11D3-BF4B-00C04F79EFBC}") = "22_LogicalOperators", "22_LogicalOperators\22_LogicalOperators.csproj", "{99E99A4D-95AF-41C8-8E4E-36C8CC28275B}"
EndProject
Global
	GlobalSection(SolutionConfigurationPlatforms) = preSolution
		Debug|Any CPU = Debug|Any CPU
		Release|Any CPU = Release|Any CPU
	EndGlobalSection
	GlobalSection(ProjectConfigurationPlatforms) = postSolution
		{99E99A4D-95AF-41C8-8E4E-36C8CC28275B}.Debug|Any CPU.ActiveCfg = Debug|Any CPU
		{99E99A4D-95AF-41C8-8E4E-36C8CC28275B}.Debug|Any CPU.Build.0 = Debug|Any CPU
		{99E99A4D-95AF-41C8-8E4E-36C8CC28275B}.Release|Any CPU.ActiveCfg = Release|Any CPU
		{99E99A4D-95AF-41C8-8E4E-36C8CC28275B}.Release|Any CPU.Build.0 = Release|Any CPU
	EndGlobalSection
	GlobalSection(SolutionProperties) = preSolution
		HideSolutionNode = FALSE
	EndGlobalSection
	GlobalSection(ExtensibilityGlobals) = postSolution
		SolutionGuid = {6749D034-34EC-4A77-9744-FC8BF2CFDB8E}
	EndGlobalSection
EndGlobal
