
Microsoft Visual Studio Solution File, Format Version 12.00
# Visual Studio Version 17
VisualStudioVersion = 17.3.32922.545
MinimumVisualStudioVersion = 10.0.40219.1
Project("{FAE04EC0-301F-11D3-BF4B-00C04F79EFBC}") = "JSONSerialization", "JSONSerialization.csproj", "{4B391DF5-21A8-4DBE-B614-E8418D70C260}"
EndProject
Global
	GlobalSection(SolutionConfigurationPlatforms) = preSolution
		Debug|Any CPU = Debug|Any CPU
		Release|Any CPU = Release|Any CPU
	EndGlobalSection
	GlobalSection(ProjectConfigurationPlatforms) = postSolution
		{4B391DF5-21A8-4DBE-B614-E8418D70C260}.Debug|Any CPU.ActiveCfg = Debug|Any CPU
		{4B391DF5-21A8-4DBE-B614-E8418D70C260}.Debug|Any CPU.Build.0 = Debug|Any CPU
		{4B391DF5-21A8-4DBE-B614-E8418D70C260}.Release|Any CPU.ActiveCfg = Release|Any CPU
		{4B391DF5-21A8-4DBE-B614-E8418D70C260}.Release|Any CPU.Build.0 = Release|Any CPU
	EndGlobalSection
	GlobalSection(SolutionProperties) = preSolution
		HideSolutionNode = FALSE
	EndGlobalSection
	GlobalSection(ExtensibilityGlobals) = postSolution
		SolutionGuid = {DDEFC039-22EC-49FC-871A-4F986FBBA896}
	EndGlobalSection
EndGlobal
