
Microsoft Visual Studio Solution File, Format Version 12.00
# Visual Studio Version 16
VisualStudioVersion = 16.0.29926.136
MinimumVisualStudioVersion = 10.0.40219.1
Project("{FAE04EC0-301F-11D3-BF4B-00C04F79EFBC}") = "14_StringOperations", "14_StringOperations\14_StringOperations.csproj", "{74AF92B3-E360-4683-827C-14C14B698831}"
EndProject
Global
	GlobalSection(SolutionConfigurationPlatforms) = preSolution
		Debug|Any CPU = Debug|Any CPU
		Release|Any CPU = Release|Any CPU
	EndGlobalSection
	GlobalSection(ProjectConfigurationPlatforms) = postSolution
		{74AF92B3-E360-4683-827C-14C14B698831}.Debug|Any CPU.ActiveCfg = Debug|Any CPU
		{74AF92B3-E360-4683-827C-14C14B698831}.Debug|Any CPU.Build.0 = Debug|Any CPU
		{74AF92B3-E360-4683-827C-14C14B698831}.Release|Any CPU.ActiveCfg = Release|Any CPU
		{74AF92B3-E360-4683-827C-14C14B698831}.Release|Any CPU.Build.0 = Release|Any CPU
	EndGlobalSection
	GlobalSection(SolutionProperties) = preSolution
		HideSolutionNode = FALSE
	EndGlobalSection
	GlobalSection(ExtensibilityGlobals) = postSolution
		SolutionGuid = {6AA5E4C3-F4CC-4F7D-96FD-663E130D4FDE}
	EndGlobalSection
EndGlobal
