
Microsoft Visual Studio Solution File, Format Version 12.00
# Visual Studio Version 16
VisualStudioVersion = 16.0.29926.136
MinimumVisualStudioVersion = 10.0.40219.1
Project("{FAE04EC0-301F-11D3-BF4B-00C04F79EFBC}") = "03_Variables", "03_Variables\03_Variables.csproj", "{76C179DE-5EEE-4FC4-9AE5-2E68E3AC9747}"
EndProject
Global
	GlobalSection(SolutionConfigurationPlatforms) = preSolution
		Debug|Any CPU = Debug|Any CPU
		Release|Any CPU = Release|Any CPU
	EndGlobalSection
	GlobalSection(ProjectConfigurationPlatforms) = postSolution
		{76C179DE-5EEE-4FC4-9AE5-2E68E3AC9747}.Debug|Any CPU.ActiveCfg = Debug|Any CPU
		{76C179DE-5EEE-4FC4-9AE5-2E68E3AC9747}.Debug|Any CPU.Build.0 = Debug|Any CPU
		{76C179DE-5EEE-4FC4-9AE5-2E68E3AC9747}.Release|Any CPU.ActiveCfg = Release|Any CPU
		{76C179DE-5EEE-4FC4-9AE5-2E68E3AC9747}.Release|Any CPU.Build.0 = Release|Any CPU
	EndGlobalSection
	GlobalSection(SolutionProperties) = preSolution
		HideSolutionNode = FALSE
	EndGlobalSection
	GlobalSection(ExtensibilityGlobals) = postSolution
		SolutionGuid = {1FC3BEF2-9FE8-462B-9165-17577E6EC6A9}
	EndGlobalSection
EndGlobal
