
Microsoft Visual Studio Solution File, Format Version 12.00
# Visual Studio Version 16
VisualStudioVersion = 16.0.29926.136
MinimumVisualStudioVersion = 10.0.40219.1
Project("{FAE04EC0-301F-11D3-BF4B-00C04F79EFBC}") = "31_Lists", "31_Lists\31_Lists.csproj", "{5D7348F1-9E9B-4DE5-9E52-CCF6C8D837DA}"
EndProject
Global
	GlobalSection(SolutionConfigurationPlatforms) = preSolution
		Debug|Any CPU = Debug|Any CPU
		Release|Any CPU = Release|Any CPU
	EndGlobalSection
	GlobalSection(ProjectConfigurationPlatforms) = postSolution
		{5D7348F1-9E9B-4DE5-9E52-CCF6C8D837DA}.Debug|Any CPU.ActiveCfg = Debug|Any CPU
		{5D7348F1-9E9B-4DE5-9E52-CCF6C8D837DA}.Debug|Any CPU.Build.0 = Debug|Any CPU
		{5D7348F1-9E9B-4DE5-9E52-CCF6C8D837DA}.Release|Any CPU.ActiveCfg = Release|Any CPU
		{5D7348F1-9E9B-4DE5-9E52-CCF6C8D837DA}.Release|Any CPU.Build.0 = Release|Any CPU
	EndGlobalSection
	GlobalSection(SolutionProperties) = preSolution
		HideSolutionNode = FALSE
	EndGlobalSection
	GlobalSection(ExtensibilityGlobals) = postSolution
		SolutionGuid = {642B64FA-18B9-44AB-8C2E-301A5D700230}
	EndGlobalSection
EndGlobal
