
Microsoft Visual Studio Solution File, Format Version 12.00
# Visual Studio Version 16
VisualStudioVersion = 16.0.29926.136
MinimumVisualStudioVersion = 10.0.40219.1
Project("{FAE04EC0-301F-11D3-BF4B-00C04F79EFBC}") = "10_BasicArithmetic", "10_BasicArithmetic\10_BasicArithmetic.csproj", "{27EE43F9-FEBE-4405-A50A-0273F358F0A2}"
EndProject
Global
	GlobalSection(SolutionConfigurationPlatforms) = preSolution
		Debug|Any CPU = Debug|Any CPU
		Release|Any CPU = Release|Any CPU
	EndGlobalSection
	GlobalSection(ProjectConfigurationPlatforms) = postSolution
		{27EE43F9-FEBE-4405-A50A-0273F358F0A2}.Debug|Any CPU.ActiveCfg = Debug|Any CPU
		{27EE43F9-FEBE-4405-A50A-0273F358F0A2}.Debug|Any CPU.Build.0 = Debug|Any CPU
		{27EE43F9-FEBE-4405-A50A-0273F358F0A2}.Release|Any CPU.ActiveCfg = Release|Any CPU
		{27EE43F9-FEBE-4405-A50A-0273F358F0A2}.Release|Any CPU.Build.0 = Release|Any CPU
	EndGlobalSection
	GlobalSection(SolutionProperties) = preSolution
		HideSolutionNode = FALSE
	EndGlobalSection
	GlobalSection(ExtensibilityGlobals) = postSolution
		SolutionGuid = {1644A354-F788-42E9-96DD-3639DC61944B}
	EndGlobalSection
EndGlobal
