
Microsoft Visual Studio Solution File, Format Version 12.00
# Visual Studio Version 16
VisualStudioVersion = 16.0.31129.286
MinimumVisualStudioVersion = 10.0.40219.1
Project("{FAE04EC0-301F-11D3-BF4B-00C04F79EFBC}") = "63_OutParameter", "63_OutParameter.csproj", "{35FA1031-65B5-4E81-A2D7-0346044375E6}"
EndProject
Global
	GlobalSection(SolutionConfigurationPlatforms) = preSolution
		Debug|Any CPU = Debug|Any CPU
		Release|Any CPU = Release|Any CPU
	EndGlobalSection
	GlobalSection(ProjectConfigurationPlatforms) = postSolution
		{35FA1031-65B5-4E81-A2D7-0346044375E6}.Debug|Any CPU.ActiveCfg = Debug|Any CPU
		{35FA1031-65B5-4E81-A2D7-0346044375E6}.Debug|Any CPU.Build.0 = Debug|Any CPU
		{35FA1031-65B5-4E81-A2D7-0346044375E6}.Release|Any CPU.ActiveCfg = Release|Any CPU
		{35FA1031-65B5-4E81-A2D7-0346044375E6}.Release|Any CPU.Build.0 = Release|Any CPU
	EndGlobalSection
	GlobalSection(SolutionProperties) = preSolution
		HideSolutionNode = FALSE
	EndGlobalSection
	GlobalSection(ExtensibilityGlobals) = postSolution
		SolutionGuid = {EDBCCC6E-03E2-41CC-9538-7622A0626B80}
	EndGlobalSection
EndGlobal
