
Microsoft Visual Studio Solution File, Format Version 12.00
# Visual Studio Version 16
VisualStudioVersion = 16.0.29926.136
MinimumVisualStudioVersion = 10.0.40219.1
Project("{FAE04EC0-301F-11D3-BF4B-00C04F79EFBC}") = "02_Syntax", "02_Syntax\02_Syntax.csproj", "{D9AE035E-742E-451A-B5C0-F729B9B3CCBC}"
EndProject
Global
	GlobalSection(SolutionConfigurationPlatforms) = preSolution
		Debug|Any CPU = Debug|Any CPU
		Release|Any CPU = Release|Any CPU
	EndGlobalSection
	GlobalSection(ProjectConfigurationPlatforms) = postSolution
		{D9AE035E-742E-451A-B5C0-F729B9B3CCBC}.Debug|Any CPU.ActiveCfg = Debug|Any CPU
		{D9AE035E-742E-451A-B5C0-F729B9B3CCBC}.Debug|Any CPU.Build.0 = Debug|Any CPU
		{D9AE035E-742E-451A-B5C0-F729B9B3CCBC}.Release|Any CPU.ActiveCfg = Release|Any CPU
		{D9AE035E-742E-451A-B5C0-F729B9B3CCBC}.Release|Any CPU.Build.0 = Release|Any CPU
	EndGlobalSection
	GlobalSection(SolutionProperties) = preSolution
		HideSolutionNode = FALSE
	EndGlobalSection
	GlobalSection(ExtensibilityGlobals) = postSolution
		SolutionGuid = {E93077E1-A062-4E4F-8EDA-613728989984}
	EndGlobalSection
EndGlobal
