
Microsoft Visual Studio Solution File, Format Version 12.00
# Visual Studio Version 16
VisualStudioVersion = 16.0.30517.126
MinimumVisualStudioVersion = 10.0.40219.1
Project("{FAE04EC0-301F-11D3-BF4B-00C04F79EFBC}") = "53_PersonClass", "53_PersonClass\53_PersonClass.csproj", "{EB822EBB-6F37-4ABD-A93C-144BE125D3EC}"
EndProject
Global
	GlobalSection(SolutionConfigurationPlatforms) = preSolution
		Debug|Any CPU = Debug|Any CPU
		Release|Any CPU = Release|Any CPU
	EndGlobalSection
	GlobalSection(ProjectConfigurationPlatforms) = postSolution
		{EB822EBB-6F37-4ABD-A93C-144BE125D3EC}.Debug|Any CPU.ActiveCfg = Debug|Any CPU
		{EB822EBB-6F37-4ABD-A93C-144BE125D3EC}.Debug|Any CPU.Build.0 = Debug|Any CPU
		{EB822EBB-6F37-4ABD-A93C-144BE125D3EC}.Release|Any CPU.ActiveCfg = Release|Any CPU
		{EB822EBB-6F37-4ABD-A93C-144BE125D3EC}.Release|Any CPU.Build.0 = Release|Any CPU
	EndGlobalSection
	GlobalSection(SolutionProperties) = preSolution
		HideSolutionNode = FALSE
	EndGlobalSection
	GlobalSection(ExtensibilityGlobals) = postSolution
		SolutionGuid = {41A0A27F-7BE8-4D8B-9696-BB6ABD79BED8}
	EndGlobalSection
EndGlobal
