
Microsoft Visual Studio Solution File, Format Version 12.00
# Visual Studio Version 16
VisualStudioVersion = 16.0.29926.136
MinimumVisualStudioVersion = 10.0.40219.1
Project("{FAE04EC0-301F-11D3-BF4B-00C04F79EFBC}") = "13_OperatorPrecedence", "13_OperatorPrecedence\13_OperatorPrecedence.csproj", "{B536684E-4103-49A5-9BAB-0FEAF3F77724}"
EndProject
Global
	GlobalSection(SolutionConfigurationPlatforms) = preSolution
		Debug|Any CPU = Debug|Any CPU
		Release|Any CPU = Release|Any CPU
	EndGlobalSection
	GlobalSection(ProjectConfigurationPlatforms) = postSolution
		{B536684E-4103-49A5-9BAB-0FEAF3F77724}.Debug|Any CPU.ActiveCfg = Debug|Any CPU
		{B536684E-4103-49A5-9BAB-0FEAF3F77724}.Debug|Any CPU.Build.0 = Debug|Any CPU
		{B536684E-4103-49A5-9BAB-0FEAF3F77724}.Release|Any CPU.ActiveCfg = Release|Any CPU
		{B536684E-4103-49A5-9BAB-0FEAF3F77724}.Release|Any CPU.Build.0 = Release|Any CPU
	EndGlobalSection
	GlobalSection(SolutionProperties) = preSolution
		HideSolutionNode = FALSE
	EndGlobalSection
	GlobalSection(ExtensibilityGlobals) = postSolution
		SolutionGuid = {CE9D22B6-8A48-412C-840D-7DB1DC11CE55}
	EndGlobalSection
EndGlobal
