
Microsoft Visual Studio Solution File, Format Version 12.00
# Visual Studio Version 16
VisualStudioVersion = 16.0.29926.136
MinimumVisualStudioVersion = 10.0.40219.1
Project("{FAE04EC0-301F-11D3-BF4B-00C04F79EFBC}") = "12_IncrementsDecrements", "12_IncrementsDecrements\12_IncrementsDecrements.csproj", "{DCEBCB26-3BEF-40A9-A15F-4F3DB024BE0E}"
EndProject
Global
	GlobalSection(SolutionConfigurationPlatforms) = preSolution
		Debug|Any CPU = Debug|Any CPU
		Release|Any CPU = Release|Any CPU
	EndGlobalSection
	GlobalSection(ProjectConfigurationPlatforms) = postSolution
		{DCEBCB26-3BEF-40A9-A15F-4F3DB024BE0E}.Debug|Any CPU.ActiveCfg = Debug|Any CPU
		{DCEBCB26-3BEF-40A9-A15F-4F3DB024BE0E}.Debug|Any CPU.Build.0 = Debug|Any CPU
		{DCEBCB26-3BEF-40A9-A15F-4F3DB024BE0E}.Release|Any CPU.ActiveCfg = Release|Any CPU
		{DCEBCB26-3BEF-40A9-A15F-4F3DB024BE0E}.Release|Any CPU.Build.0 = Release|Any CPU
	EndGlobalSection
	GlobalSection(SolutionProperties) = preSolution
		HideSolutionNode = FALSE
	EndGlobalSection
	GlobalSection(ExtensibilityGlobals) = postSolution
		SolutionGuid = {27C6A3A8-3767-4E45-864D-70899339EE96}
	EndGlobalSection
EndGlobal
