
Microsoft Visual Studio Solution File, Format Version 12.00
# Visual Studio Version 16
VisualStudioVersion = 16.0.29926.136
MinimumVisualStudioVersion = 10.0.40219.1
Project("{FAE04EC0-301F-11D3-BF4B-00C04F79EFBC}") = "25_NestedLoops", "25_NestedLoops\25_NestedLoops.csproj", "{EB3B9EE9-135B-4113-AADD-DF5671B28D2A}"
EndProject
Global
	GlobalSection(SolutionConfigurationPlatforms) = preSolution
		Debug|Any CPU = Debug|Any CPU
		Release|Any CPU = Release|Any CPU
	EndGlobalSection
	GlobalSection(ProjectConfigurationPlatforms) = postSolution
		{EB3B9EE9-135B-4113-AADD-DF5671B28D2A}.Debug|Any CPU.ActiveCfg = Debug|Any CPU
		{EB3B9EE9-135B-4113-AADD-DF5671B28D2A}.Debug|Any CPU.Build.0 = Debug|Any CPU
		{EB3B9EE9-135B-4113-AADD-DF5671B28D2A}.Release|Any CPU.ActiveCfg = Release|Any CPU
		{EB3B9EE9-135B-4113-AADD-DF5671B28D2A}.Release|Any CPU.Build.0 = Release|Any CPU
	EndGlobalSection
	GlobalSection(SolutionProperties) = preSolution
		HideSolutionNode = FALSE
	EndGlobalSection
	GlobalSection(ExtensibilityGlobals) = postSolution
		SolutionGuid = {BE51799D-DFF8-4C7F-B5A9-2451BADB032C}
	EndGlobalSection
EndGlobal
