
Microsoft Visual Studio Solution File, Format Version 12.00
# Visual Studio Version 16
VisualStudioVersion = 16.0.29926.136
MinimumVisualStudioVersion = 10.0.40219.1
Project("{FAE04EC0-301F-11D3-BF4B-00C04F79EFBC}") = "27_VariableScope", "27_VariableScope\27_VariableScope.csproj", "{1E5ADE2F-0929-4FC3-81C5-B205B9A57A80}"
EndProject
Global
	GlobalSection(SolutionConfigurationPlatforms) = preSolution
		Debug|Any CPU = Debug|Any CPU
		Release|Any CPU = Release|Any CPU
	EndGlobalSection
	GlobalSection(ProjectConfigurationPlatforms) = postSolution
		{1E5ADE2F-0929-4FC3-81C5-B205B9A57A80}.Debug|Any CPU.ActiveCfg = Debug|Any CPU
		{1E5ADE2F-0929-4FC3-81C5-B205B9A57A80}.Debug|Any CPU.Build.0 = Debug|Any CPU
		{1E5ADE2F-0929-4FC3-81C5-B205B9A57A80}.Release|Any CPU.ActiveCfg = Release|Any CPU
		{1E5ADE2F-0929-4FC3-81C5-B205B9A57A80}.Release|Any CPU.Build.0 = Release|Any CPU
	EndGlobalSection
	GlobalSection(SolutionProperties) = preSolution
		HideSolutionNode = FALSE
	EndGlobalSection
	GlobalSection(ExtensibilityGlobals) = postSolution
		SolutionGuid = {C7FB05B6-251D-4C23-9FCC-559E48868C45}
	EndGlobalSection
EndGlobal
