
Microsoft Visual Studio Solution File, Format Version 12.00
# Visual Studio Version 16
VisualStudioVersion = 16.0.30517.126
MinimumVisualStudioVersion = 10.0.40219.1
Project("{FAE04EC0-301F-11D3-BF4B-00C04F79EFBC}") = "Greet", "Greet\Greet.csproj", "{F9A368AA-2BEB-4272-BB5C-AAB3C083D5EF}"
EndProject
Global
	GlobalSection(SolutionConfigurationPlatforms) = preSolution
		Debug|Any CPU = Debug|Any CPU
		Release|Any CPU = Release|Any CPU
	EndGlobalSection
	GlobalSection(ProjectConfigurationPlatforms) = postSolution
		{F9A368AA-2BEB-4272-BB5C-AAB3C083D5EF}.Debug|Any CPU.ActiveCfg = Debug|Any CPU
		{F9A368AA-2BEB-4272-BB5C-AAB3C083D5EF}.Debug|Any CPU.Build.0 = Debug|Any CPU
		{F9A368AA-2BEB-4272-BB5C-AAB3C083D5EF}.Release|Any CPU.ActiveCfg = Release|Any CPU
		{F9A368AA-2BEB-4272-BB5C-AAB3C083D5EF}.Release|Any CPU.Build.0 = Release|Any CPU
	EndGlobalSection
	GlobalSection(SolutionProperties) = preSolution
		HideSolutionNode = FALSE
	EndGlobalSection
	GlobalSection(ExtensibilityGlobals) = postSolution
		SolutionGuid = {28C3465A-14C9-4438-8922-A89AD848BA3D}
	EndGlobalSection
EndGlobal
