
Microsoft Visual Studio Solution File, Format Version 12.00
# Visual Studio Version 16
VisualStudioVersion = 16.0.30517.126
MinimumVisualStudioVersion = 10.0.40219.1
Project("{FAE04EC0-301F-11D3-BF4B-00C04F79EFBC}") = "55_Statics", "55_Statics\55_Statics.csproj", "{6A357959-7C2D-4CFB-BCEC-ABB226355802}"
EndProject
Global
	GlobalSection(SolutionConfigurationPlatforms) = preSolution
		Debug|Any CPU = Debug|Any CPU
		Release|Any CPU = Release|Any CPU
	EndGlobalSection
	GlobalSection(ProjectConfigurationPlatforms) = postSolution
		{6A357959-7C2D-4CFB-BCEC-ABB226355802}.Debug|Any CPU.ActiveCfg = Debug|Any CPU
		{6A357959-7C2D-4CFB-BCEC-ABB226355802}.Debug|Any CPU.Build.0 = Debug|Any CPU
		{6A357959-7C2D-4CFB-BCEC-ABB226355802}.Release|Any CPU.ActiveCfg = Release|Any CPU
		{6A357959-7C2D-4CFB-BCEC-ABB226355802}.Release|Any CPU.Build.0 = Release|Any CPU
	EndGlobalSection
	GlobalSection(SolutionProperties) = preSolution
		HideSolutionNode = FALSE
	EndGlobalSection
	GlobalSection(ExtensibilityGlobals) = postSolution
		SolutionGuid = {0B6D53C8-62A5-4C89-9CE6-794C7596C953}
	EndGlobalSection
EndGlobal
